// !$*UTF8*$!
{
	archiveVersion = 1;
	classes = {
	};
	objectVersion = 51;
	objects = {

/* Begin PBXBuildFile section */
		52BC892C2AB0C5312B272DF2 /* Pods_ShapeShift.framework in Frameworks */ = {isa = PBXBuildFile; fileRef = ED7DA3B45160F9556B4DF413 /* Pods_ShapeShift.framework */; };
		67D5DED32457DB2B00759180 /* AppDelegate.swift in Sources */ = {isa = PBXBuildFile; fileRef = 67D5DED22457DB2B00759180 /* AppDelegate.swift */; };
		67D5DED52457DB2B00759180 /* DocumentBrowserViewController.swift in Sources */ = {isa = PBXBuildFile; fileRef = 67D5DED42457DB2B00759180 /* DocumentBrowserViewController.swift */; };
		67D5DED72457DB2B00759180 /* DocumentView.swift in Sources */ = {isa = PBXBuildFile; fileRef = 67D5DED62457DB2B00759180 /* DocumentView.swift */; };
		67D5DED92457DB2B00759180 /* Document.swift in Sources */ = {isa = PBXBuildFile; fileRef = 67D5DED82457DB2B00759180 /* Document.swift */; };
		67D5DEDC2457DB2B00759180 /* Main.storyboard in Resources */ = {isa = PBXBuildFile; fileRef = 67D5DEDA2457DB2B00759180 /* Main.storyboard */; };
		67D5DEDE2457DB2F00759180 /* Assets.xcassets in Resources */ = {isa = PBXBuildFile; fileRef = 67D5DEDD2457DB2F00759180 /* Assets.xcassets */; };
		67D5DEE12457DB2F00759180 /* LaunchScreen.storyboard in Resources */ = {isa = PBXBuildFile; fileRef = 67D5DEDF2457DB2F00759180 /* LaunchScreen.storyboard */; };
		67D5DEEC2457DB2F00759180 /* ShapeShiftTests.swift in Sources */ = {isa = PBXBuildFile; fileRef = 67D5DEEB2457DB2F00759180 /* ShapeShiftTests.swift */; };
		67D5DEF72457DB2F00759180 /* ShapeShiftUITests.swift in Sources */ = {isa = PBXBuildFile; fileRef = 67D5DEF62457DB2F00759180 /* ShapeShiftUITests.swift */; };
		67D5DF382457E33900759180 /* Preview Assets.xcassets in Resources */ = {isa = PBXBuildFile; fileRef = 67D5DF062457E33800759180 /* Preview Assets.xcassets */; };
		67D5DF762457E4A500759180 /* MainPDFView.swift in Sources */ = {isa = PBXBuildFile; fileRef = 67D5DF5E2457E4A500759180 /* MainPDFView.swift */; };
		67D5DF772457E4A500759180 /* screenshotView.storyboard in Resources */ = {isa = PBXBuildFile; fileRef = 67D5DF602457E4A500759180 /* screenshotView.storyboard */; };
		67D5DF782457E4A500759180 /* PDFViewController.swift in Sources */ = {isa = PBXBuildFile; fileRef = 67D5DF612457E4A500759180 /* PDFViewController.swift */; };
		67D5DF792457E4A500759180 /* blank.pdf in Resources */ = {isa = PBXBuildFile; fileRef = 67D5DF622457E4A500759180 /* blank.pdf */; };
		67D5DF7A2457E4A500759180 /* UIPrintPageRenderer-Extensions.swift in Sources */ = {isa = PBXBuildFile; fileRef = 67D5DF642457E4A500759180 /* UIPrintPageRenderer-Extensions.swift */; };
		67D5DF7B2457E4A500759180 /* HTMLPDFRenderer.swift in Sources */ = {isa = PBXBuildFile; fileRef = 67D5DF652457E4A500759180 /* HTMLPDFRenderer.swift */; };
		67D5DF7C2457E4A500759180 /* SwiftyTimer.swift in Sources */ = {isa = PBXBuildFile; fileRef = 67D5DF672457E4A500759180 /* SwiftyTimer.swift */; };
		67D5DF7D2457E4A500759180 /* Log.swift in Sources */ = {isa = PBXBuildFile; fileRef = 67D5DF682457E4A500759180 /* Log.swift */; };
		67D5DF7E2457E4A500759180 /* FileManager-Extensions.swift in Sources */ = {isa = PBXBuildFile; fileRef = 67D5DF692457E4A500759180 /* FileManager-Extensions.swift */; };
		67D5DF7F2457E4A500759180 /* PDFPaperSize.swift in Sources */ = {isa = PBXBuildFile; fileRef = 67D5DF6A2457E4A500759180 /* PDFPaperSize.swift */; };
		67D5DF802457E4A500759180 /* APIHelper.swift in Sources */ = {isa = PBXBuildFile; fileRef = 67D5DF6C2457E4A500759180 /* APIHelper.swift */; };
		67D5DF812457E4A500759180 /* HandwritingRecognition.swift in Sources */ = {isa = PBXBuildFile; fileRef = 67D5DF6D2457E4A500759180 /* HandwritingRecognition.swift */; };
		67D5DF822457E4A500759180 /* PDFAnnotationWithPath.swift in Sources */ = {isa = PBXBuildFile; fileRef = 67D5DF6E2457E4A500759180 /* PDFAnnotationWithPath.swift */; };
		67D5DF832457E4A500759180 /* DrawingRecognizer.swift in Sources */ = {isa = PBXBuildFile; fileRef = 67D5DF6F2457E4A500759180 /* DrawingRecognizer.swift */; };
		67D5DF842457E4A500759180 /* UIBezierPath+.swift in Sources */ = {isa = PBXBuildFile; fileRef = 67D5DF712457E4A500759180 /* UIBezierPath+.swift */; };
		67D5DF852457E4A500759180 /* PDFDrawingTools.swift in Sources */ = {isa = PBXBuildFile; fileRef = 67D5DF732457E4A500759180 /* PDFDrawingTools.swift */; };
		67D5DF862457E4A500759180 /* PDFDraw.swift in Sources */ = {isa = PBXBuildFile; fileRef = 67D5DF742457E4A500759180 /* PDFDraw.swift */; };
		67D5DF872457E4A500759180 /* DrawingAnnotation.swift in Sources */ = {isa = PBXBuildFile; fileRef = 67D5DF752457E4A500759180 /* DrawingAnnotation.swift */; };
		67D5DF962457E4F900759180 /* ScreenshotSharerViewController.swift in Sources */ = {isa = PBXBuildFile; fileRef = 67D5DF8A2457E4F900759180 /* ScreenshotSharerViewController.swift */; };
		67D5DF972457E4F900759180 /* ScreenshotSharerMinimal.xib in Resources */ = {isa = PBXBuildFile; fileRef = 67D5DF8D2457E4F900759180 /* ScreenshotSharerMinimal.xib */; };
		67D5DF982457E4F900759180 /* ScreenshotSharerMinimal.swift in Sources */ = {isa = PBXBuildFile; fileRef = 67D5DF8E2457E4F900759180 /* ScreenshotSharerMinimal.swift */; };
		67D5DF992457E4F900759180 /* ic_dismiss.png in Resources */ = {isa = PBXBuildFile; fileRef = 67D5DF902457E4F900759180 /* ic_dismiss.png */; };
		67D5DF9A2457E4F900759180 /* ic_dismiss@2x.png in Resources */ = {isa = PBXBuildFile; fileRef = 67D5DF912457E4F900759180 /* ic_dismiss@2x.png */; };
		67D5DF9B2457E4F900759180 /* ic_dismiss@3x.png in Resources */ = {isa = PBXBuildFile; fileRef = 67D5DF922457E4F900759180 /* ic_dismiss@3x.png */; };
		67D5DF9C2457E4F900759180 /* ScreenshotSharer.swift in Sources */ = {isa = PBXBuildFile; fileRef = 67D5DF932457E4F900759180 /* ScreenshotSharer.swift */; };
		67D5DF9D2457E4F900759180 /* ScreenshotSharerUtility.swift in Sources */ = {isa = PBXBuildFile; fileRef = 67D5DF942457E4F900759180 /* ScreenshotSharerUtility.swift */; };
		67D5DF9E2457E4F900759180 /* ScreenshotViewController.swift in Sources */ = {isa = PBXBuildFile; fileRef = 67D5DF952457E4F900759180 /* ScreenshotViewController.swift */; };
		67D5DFA02457E8CA00759180 /* Extensions.swift in Sources */ = {isa = PBXBuildFile; fileRef = 67D5DF9F2457E8CA00759180 /* Extensions.swift */; };
		67D5DFA22457E8F800759180 /* UserInterfaceControl.swift in Sources */ = {isa = PBXBuildFile; fileRef = 67D5DFA12457E8F700759180 /* UserInterfaceControl.swift */; };
		6B68C21E0C6060062909C10C /* Pods_ShapeShiftTests.framework in Frameworks */ = {isa = PBXBuildFile; fileRef = 8ECB0D7809B53ECC5959CF00 /* Pods_ShapeShiftTests.framework */; };
		F3F3C41A9F75586D5ADF5A4F /* Pods_ShapeShift_ShapeShiftUITests.framework in Frameworks */ = {isa = PBXBuildFile; fileRef = 7F5D772686952C7B0FCBDC0E /* Pods_ShapeShift_ShapeShiftUITests.framework */; };
/* End PBXBuildFile section */

/* Begin PBXContainerItemProxy section */
		67D5DEE82457DB2F00759180 /* PBXContainerItemProxy */ = {
			isa = PBXContainerItemProxy;
			containerPortal = 67D5DEC72457DB2B00759180 /* Project object */;
			proxyType = 1;
			remoteGlobalIDString = 67D5DECE2457DB2B00759180;
			remoteInfo = ShapeShift;
		};
		67D5DEF32457DB2F00759180 /* PBXContainerItemProxy */ = {
			isa = PBXContainerItemProxy;
			containerPortal = 67D5DEC72457DB2B00759180 /* Project object */;
			proxyType = 1;
			remoteGlobalIDString = 67D5DECE2457DB2B00759180;
			remoteInfo = ShapeShift;
		};
/* End PBXContainerItemProxy section */

/* Begin PBXFileReference section */
		3CEA92062F26F01687AC14D7 /* Pods-ShapeShiftTests.release.xcconfig */ = {isa = PBXFileReference; includeInIndex = 1; lastKnownFileType = text.xcconfig; name = "Pods-ShapeShiftTests.release.xcconfig"; path = "Target Support Files/Pods-ShapeShiftTests/Pods-ShapeShiftTests.release.xcconfig"; sourceTree = "<group>"; };
		401D6F4A1FEEA3D52D92F527 /* Pods-ShapeShiftTests.debug.xcconfig */ = {isa = PBXFileReference; includeInIndex = 1; lastKnownFileType = text.xcconfig; name = "Pods-ShapeShiftTests.debug.xcconfig"; path = "Target Support Files/Pods-ShapeShiftTests/Pods-ShapeShiftTests.debug.xcconfig"; sourceTree = "<group>"; };
		4E10902AEDFBE7CEFAB0C707 /* Pods-ShapeShift.release.xcconfig */ = {isa = PBXFileReference; includeInIndex = 1; lastKnownFileType = text.xcconfig; name = "Pods-ShapeShift.release.xcconfig"; path = "Target Support Files/Pods-ShapeShift/Pods-ShapeShift.release.xcconfig"; sourceTree = "<group>"; };
		67D5DECF2457DB2B00759180 /* ShapeShift.app */ = {isa = PBXFileReference; explicitFileType = wrapper.application; includeInIndex = 0; path = ShapeShift.app; sourceTree = BUILT_PRODUCTS_DIR; };
		67D5DED22457DB2B00759180 /* AppDelegate.swift */ = {isa = PBXFileReference; lastKnownFileType = sourcecode.swift; path = AppDelegate.swift; sourceTree = "<group>"; };
		67D5DED42457DB2B00759180 /* DocumentBrowserViewController.swift */ = {isa = PBXFileReference; lastKnownFileType = sourcecode.swift; path = DocumentBrowserViewController.swift; sourceTree = "<group>"; };
		67D5DED62457DB2B00759180 /* DocumentView.swift */ = {isa = PBXFileReference; lastKnownFileType = sourcecode.swift; path = DocumentView.swift; sourceTree = "<group>"; };
		67D5DED82457DB2B00759180 /* Document.swift */ = {isa = PBXFileReference; lastKnownFileType = sourcecode.swift; path = Document.swift; sourceTree = "<group>"; };
		67D5DEDB2457DB2B00759180 /* Base */ = {isa = PBXFileReference; lastKnownFileType = file.storyboard; name = Base; path = Base.lproj/Main.storyboard; sourceTree = "<group>"; };
		67D5DEDD2457DB2F00759180 /* Assets.xcassets */ = {isa = PBXFileReference; lastKnownFileType = folder.assetcatalog; path = Assets.xcassets; sourceTree = "<group>"; };
		67D5DEE02457DB2F00759180 /* Base */ = {isa = PBXFileReference; lastKnownFileType = file.storyboard; name = Base; path = Base.lproj/LaunchScreen.storyboard; sourceTree = "<group>"; };
		67D5DEE22457DB2F00759180 /* Info.plist */ = {isa = PBXFileReference; lastKnownFileType = text.plist.xml; path = Info.plist; sourceTree = "<group>"; };
		67D5DEE72457DB2F00759180 /* ShapeShiftTests.xctest */ = {isa = PBXFileReference; explicitFileType = wrapper.cfbundle; includeInIndex = 0; path = ShapeShiftTests.xctest; sourceTree = BUILT_PRODUCTS_DIR; };
		67D5DEEB2457DB2F00759180 /* ShapeShiftTests.swift */ = {isa = PBXFileReference; lastKnownFileType = sourcecode.swift; path = ShapeShiftTests.swift; sourceTree = "<group>"; };
		67D5DEED2457DB2F00759180 /* Info.plist */ = {isa = PBXFileReference; lastKnownFileType = text.plist.xml; path = Info.plist; sourceTree = "<group>"; };
		67D5DEF22457DB2F00759180 /* ShapeShiftUITests.xctest */ = {isa = PBXFileReference; explicitFileType = wrapper.cfbundle; includeInIndex = 0; path = ShapeShiftUITests.xctest; sourceTree = BUILT_PRODUCTS_DIR; };
		67D5DEF62457DB2F00759180 /* ShapeShiftUITests.swift */ = {isa = PBXFileReference; lastKnownFileType = sourcecode.swift; path = ShapeShiftUITests.swift; sourceTree = "<group>"; };
		67D5DEF82457DB2F00759180 /* Info.plist */ = {isa = PBXFileReference; lastKnownFileType = text.plist.xml; path = Info.plist; sourceTree = "<group>"; };
		67D5DF062457E33800759180 /* Preview Assets.xcassets */ = {isa = PBXFileReference; lastKnownFileType = folder.assetcatalog; path = "Preview Assets.xcassets"; sourceTree = "<group>"; };
		67D5DF5E2457E4A500759180 /* MainPDFView.swift */ = {isa = PBXFileReference; fileEncoding = 4; lastKnownFileType = sourcecode.swift; path = MainPDFView.swift; sourceTree = "<group>"; };
		67D5DF602457E4A500759180 /* screenshotView.storyboard */ = {isa = PBXFileReference; fileEncoding = 4; lastKnownFileType = file.storyboard; path = screenshotView.storyboard; sourceTree = "<group>"; };
		67D5DF612457E4A500759180 /* PDFViewController.swift */ = {isa = PBXFileReference; fileEncoding = 4; lastKnownFileType = sourcecode.swift; path = PDFViewController.swift; sourceTree = "<group>"; };
		67D5DF622457E4A500759180 /* blank.pdf */ = {isa = PBXFileReference; lastKnownFileType = image.pdf; path = blank.pdf; sourceTree = "<group>"; };
		67D5DF642457E4A500759180 /* UIPrintPageRenderer-Extensions.swift */ = {isa = PBXFileReference; fileEncoding = 4; lastKnownFileType = sourcecode.swift; path = "UIPrintPageRenderer-Extensions.swift"; sourceTree = "<group>"; };
		67D5DF652457E4A500759180 /* HTMLPDFRenderer.swift */ = {isa = PBXFileReference; fileEncoding = 4; lastKnownFileType = sourcecode.swift; path = HTMLPDFRenderer.swift; sourceTree = "<group>"; };
		67D5DF672457E4A500759180 /* SwiftyTimer.swift */ = {isa = PBXFileReference; fileEncoding = 4; lastKnownFileType = sourcecode.swift; path = SwiftyTimer.swift; sourceTree = "<group>"; };
		67D5DF682457E4A500759180 /* Log.swift */ = {isa = PBXFileReference; fileEncoding = 4; lastKnownFileType = sourcecode.swift; path = Log.swift; sourceTree = "<group>"; };
		67D5DF692457E4A500759180 /* FileManager-Extensions.swift */ = {isa = PBXFileReference; fileEncoding = 4; lastKnownFileType = sourcecode.swift; path = "FileManager-Extensions.swift"; sourceTree = "<group>"; };
		67D5DF6A2457E4A500759180 /* PDFPaperSize.swift */ = {isa = PBXFileReference; fileEncoding = 4; lastKnownFileType = sourcecode.swift; path = PDFPaperSize.swift; sourceTree = "<group>"; };
		67D5DF6C2457E4A500759180 /* APIHelper.swift */ = {isa = PBXFileReference; fileEncoding = 4; lastKnownFileType = sourcecode.swift; path = APIHelper.swift; sourceTree = "<group>"; };
		67D5DF6D2457E4A500759180 /* HandwritingRecognition.swift */ = {isa = PBXFileReference; fileEncoding = 4; lastKnownFileType = sourcecode.swift; path = HandwritingRecognition.swift; sourceTree = "<group>"; };
		67D5DF6E2457E4A500759180 /* PDFAnnotationWithPath.swift */ = {isa = PBXFileReference; fileEncoding = 4; lastKnownFileType = sourcecode.swift; path = PDFAnnotationWithPath.swift; sourceTree = "<group>"; };
		67D5DF6F2457E4A500759180 /* DrawingRecognizer.swift */ = {isa = PBXFileReference; fileEncoding = 4; lastKnownFileType = sourcecode.swift; path = DrawingRecognizer.swift; sourceTree = "<group>"; };
		67D5DF712457E4A500759180 /* UIBezierPath+.swift */ = {isa = PBXFileReference; fileEncoding = 4; lastKnownFileType = sourcecode.swift; path = "UIBezierPath+.swift"; sourceTree = "<group>"; };
		67D5DF732457E4A500759180 /* PDFDrawingTools.swift */ = {isa = PBXFileReference; fileEncoding = 4; lastKnownFileType = sourcecode.swift; path = PDFDrawingTools.swift; sourceTree = "<group>"; };
		67D5DF742457E4A500759180 /* PDFDraw.swift */ = {isa = PBXFileReference; fileEncoding = 4; lastKnownFileType = sourcecode.swift; path = PDFDraw.swift; sourceTree = "<group>"; };
		67D5DF752457E4A500759180 /* DrawingAnnotation.swift */ = {isa = PBXFileReference; fileEncoding = 4; lastKnownFileType = sourcecode.swift; path = DrawingAnnotation.swift; sourceTree = "<group>"; };
		67D5DF8A2457E4F900759180 /* ScreenshotSharerViewController.swift */ = {isa = PBXFileReference; fileEncoding = 4; lastKnownFileType = sourcecode.swift; path = ScreenshotSharerViewController.swift; sourceTree = "<group>"; };
		67D5DF8D2457E4F900759180 /* ScreenshotSharerMinimal.xib */ = {isa = PBXFileReference; fileEncoding = 4; lastKnownFileType = file.xib; path = ScreenshotSharerMinimal.xib; sourceTree = "<group>"; };
		67D5DF8E2457E4F900759180 /* ScreenshotSharerMinimal.swift */ = {isa = PBXFileReference; fileEncoding = 4; lastKnownFileType = sourcecode.swift; path = ScreenshotSharerMinimal.swift; sourceTree = "<group>"; };
		67D5DF902457E4F900759180 /* ic_dismiss.png */ = {isa = PBXFileReference; lastKnownFileType = image.png; path = ic_dismiss.png; sourceTree = "<group>"; };
		67D5DF912457E4F900759180 /* ic_dismiss@2x.png */ = {isa = PBXFileReference; lastKnownFileType = image.png; path = "ic_dismiss@2x.png"; sourceTree = "<group>"; };
		67D5DF922457E4F900759180 /* ic_dismiss@3x.png */ = {isa = PBXFileReference; lastKnownFileType = image.png; path = "ic_dismiss@3x.png"; sourceTree = "<group>"; };
		67D5DF932457E4F900759180 /* ScreenshotSharer.swift */ = {isa = PBXFileReference; fileEncoding = 4; lastKnownFileType = sourcecode.swift; path = ScreenshotSharer.swift; sourceTree = "<group>"; };
		67D5DF942457E4F900759180 /* ScreenshotSharerUtility.swift */ = {isa = PBXFileReference; fileEncoding = 4; lastKnownFileType = sourcecode.swift; path = ScreenshotSharerUtility.swift; sourceTree = "<group>"; };
		67D5DF952457E4F900759180 /* ScreenshotViewController.swift */ = {isa = PBXFileReference; fileEncoding = 4; lastKnownFileType = sourcecode.swift; path = ScreenshotViewController.swift; sourceTree = "<group>"; };
		67D5DF9F2457E8CA00759180 /* Extensions.swift */ = {isa = PBXFileReference; fileEncoding = 4; lastKnownFileType = sourcecode.swift; name = Extensions.swift; path = ../../Documents/github/ShapeShifter/ShapeShifter/Extensions.swift; sourceTree = "<group>"; };
		67D5DFA12457E8F700759180 /* UserInterfaceControl.swift */ = {isa = PBXFileReference; fileEncoding = 4; lastKnownFileType = sourcecode.swift; name = UserInterfaceControl.swift; path = ../../Documents/github/ShapeShifter/ShapeShifter/UserInterfaceControl.swift; sourceTree = "<group>"; };
		7F5D772686952C7B0FCBDC0E /* Pods_ShapeShift_ShapeShiftUITests.framework */ = {isa = PBXFileReference; explicitFileType = wrapper.framework; includeInIndex = 0; path = Pods_ShapeShift_ShapeShiftUITests.framework; sourceTree = BUILT_PRODUCTS_DIR; };
		80B7660B878A8D3E3BE1B44A /* Pods-ShapeShift-ShapeShiftUITests.debug.xcconfig */ = {isa = PBXFileReference; includeInIndex = 1; lastKnownFileType = text.xcconfig; name = "Pods-ShapeShift-ShapeShiftUITests.debug.xcconfig"; path = "Target Support Files/Pods-ShapeShift-ShapeShiftUITests/Pods-ShapeShift-ShapeShiftUITests.debug.xcconfig"; sourceTree = "<group>"; };
		8ECB0D7809B53ECC5959CF00 /* Pods_ShapeShiftTests.framework */ = {isa = PBXFileReference; explicitFileType = wrapper.framework; includeInIndex = 0; path = Pods_ShapeShiftTests.framework; sourceTree = BUILT_PRODUCTS_DIR; };
		ED7DA3B45160F9556B4DF413 /* Pods_ShapeShift.framework */ = {isa = PBXFileReference; explicitFileType = wrapper.framework; includeInIndex = 0; path = Pods_ShapeShift.framework; sourceTree = BUILT_PRODUCTS_DIR; };
		EFD5FF345AC3FFE544E1B12B /* Pods-ShapeShift-ShapeShiftUITests.release.xcconfig */ = {isa = PBXFileReference; includeInIndex = 1; lastKnownFileType = text.xcconfig; name = "Pods-ShapeShift-ShapeShiftUITests.release.xcconfig"; path = "Target Support Files/Pods-ShapeShift-ShapeShiftUITests/Pods-ShapeShift-ShapeShiftUITests.release.xcconfig"; sourceTree = "<group>"; };
		F5BD57FE6BDA846AC14BD44A /* Pods-ShapeShift.debug.xcconfig */ = {isa = PBXFileReference; includeInIndex = 1; lastKnownFileType = text.xcconfig; name = "Pods-ShapeShift.debug.xcconfig"; path = "Target Support Files/Pods-ShapeShift/Pods-ShapeShift.debug.xcconfig"; sourceTree = "<group>"; };
/* End PBXFileReference section */

/* Begin PBXFrameworksBuildPhase section */
		67D5DECC2457DB2B00759180 /* Frameworks */ = {
			isa = PBXFrameworksBuildPhase;
			buildActionMask = 2147483647;
			files = (
				52BC892C2AB0C5312B272DF2 /* Pods_ShapeShift.framework in Frameworks */,
			);
			runOnlyForDeploymentPostprocessing = 0;
		};
		67D5DEE42457DB2F00759180 /* Frameworks */ = {
			isa = PBXFrameworksBuildPhase;
			buildActionMask = 2147483647;
			files = (
				6B68C21E0C6060062909C10C /* Pods_ShapeShiftTests.framework in Frameworks */,
			);
			runOnlyForDeploymentPostprocessing = 0;
		};
		67D5DEEF2457DB2F00759180 /* Frameworks */ = {
			isa = PBXFrameworksBuildPhase;
			buildActionMask = 2147483647;
			files = (
				F3F3C41A9F75586D5ADF5A4F /* Pods_ShapeShift_ShapeShiftUITests.framework in Frameworks */,
			);
			runOnlyForDeploymentPostprocessing = 0;
		};
/* End PBXFrameworksBuildPhase section */

/* Begin PBXGroup section */
		67D5DEC62457DB2B00759180 = {
			isa = PBXGroup;
			children = (
				67D5DF9F2457E8CA00759180 /* Extensions.swift */,
				67D5DFA12457E8F700759180 /* UserInterfaceControl.swift */,
				67D5DF5D2457E4A500759180 /* PDF */,
				67D5DF052457E33800759180 /* Preview Content */,
				67D5DED12457DB2B00759180 /* ShapeShift */,
				67D5DEEA2457DB2F00759180 /* ShapeShiftTests */,
				67D5DEF52457DB2F00759180 /* ShapeShiftUITests */,
				67D5DED02457DB2B00759180 /* Products */,
				7ECD3C58BA2113DD5A154E02 /* Pods */,
				713B968E0B6A6F136448D303 /* Frameworks */,
			);
			sourceTree = "<group>";
		};
		67D5DED02457DB2B00759180 /* Products */ = {
			isa = PBXGroup;
			children = (
				67D5DECF2457DB2B00759180 /* ShapeShift.app */,
				67D5DEE72457DB2F00759180 /* ShapeShiftTests.xctest */,
				67D5DEF22457DB2F00759180 /* ShapeShiftUITests.xctest */,
			);
			name = Products;
			sourceTree = "<group>";
		};
		67D5DED12457DB2B00759180 /* ShapeShift */ = {
			isa = PBXGroup;
			children = (
				67D5DED22457DB2B00759180 /* AppDelegate.swift */,
				67D5DED42457DB2B00759180 /* DocumentBrowserViewController.swift */,
				67D5DED62457DB2B00759180 /* DocumentView.swift */,
				67D5DED82457DB2B00759180 /* Document.swift */,
				67D5DEDA2457DB2B00759180 /* Main.storyboard */,
				67D5DEDD2457DB2F00759180 /* Assets.xcassets */,
				67D5DEDF2457DB2F00759180 /* LaunchScreen.storyboard */,
				67D5DEE22457DB2F00759180 /* Info.plist */,
			);
			path = ShapeShift;
			sourceTree = "<group>";
		};
		67D5DEEA2457DB2F00759180 /* ShapeShiftTests */ = {
			isa = PBXGroup;
			children = (
				67D5DEEB2457DB2F00759180 /* ShapeShiftTests.swift */,
				67D5DEED2457DB2F00759180 /* Info.plist */,
			);
			path = ShapeShiftTests;
			sourceTree = "<group>";
		};
		67D5DEF52457DB2F00759180 /* ShapeShiftUITests */ = {
			isa = PBXGroup;
			children = (
				67D5DEF62457DB2F00759180 /* ShapeShiftUITests.swift */,
				67D5DEF82457DB2F00759180 /* Info.plist */,
			);
			path = ShapeShiftUITests;
			sourceTree = "<group>";
		};
		67D5DF052457E33800759180 /* Preview Content */ = {
			isa = PBXGroup;
			children = (
				67D5DF062457E33800759180 /* Preview Assets.xcassets */,
			);
			path = "Preview Content";
			sourceTree = "<group>";
		};
		67D5DF5D2457E4A500759180 /* PDF */ = {
			isa = PBXGroup;
			children = (
				67D5DF5E2457E4A500759180 /* MainPDFView.swift */,
				67D5DF5F2457E4A500759180 /* Screenshot */,
				67D5DF612457E4A500759180 /* PDFViewController.swift */,
				67D5DF882457E4F900759180 /* Screenshots */,
				67D5DF622457E4A500759180 /* blank.pdf */,
				67D5DF632457E4A500759180 /* PDF Creation */,
				67D5DF6B2457E4A500759180 /* ApplePencil */,
			);
			name = PDF;
			path = ShapeShift.xcodeproj/PDF;
			sourceTree = "<group>";
		};
		67D5DF5F2457E4A500759180 /* Screenshot */ = {
			isa = PBXGroup;
			children = (
				67D5DF602457E4A500759180 /* screenshotView.storyboard */,
			);
			path = Screenshot;
			sourceTree = "<group>";
		};
		67D5DF632457E4A500759180 /* PDF Creation */ = {
			isa = PBXGroup;
			children = (
				67D5DF642457E4A500759180 /* UIPrintPageRenderer-Extensions.swift */,
				67D5DF652457E4A500759180 /* HTMLPDFRenderer.swift */,
				67D5DF662457E4A500759180 /* Dependencies */,
				67D5DF6A2457E4A500759180 /* PDFPaperSize.swift */,
			);
			path = "PDF Creation";
			sourceTree = "<group>";
		};
		67D5DF662457E4A500759180 /* Dependencies */ = {
			isa = PBXGroup;
			children = (
				67D5DF672457E4A500759180 /* SwiftyTimer.swift */,
				67D5DF682457E4A500759180 /* Log.swift */,
				67D5DF692457E4A500759180 /* FileManager-Extensions.swift */,
			);
			path = Dependencies;
			sourceTree = "<group>";
		};
		67D5DF6B2457E4A500759180 /* ApplePencil */ = {
			isa = PBXGroup;
			children = (
				67D5DF6C2457E4A500759180 /* APIHelper.swift */,
				67D5DF6D2457E4A500759180 /* HandwritingRecognition.swift */,
				67D5DF6E2457E4A500759180 /* PDFAnnotationWithPath.swift */,
				67D5DF6F2457E4A500759180 /* DrawingRecognizer.swift */,
				67D5DF712457E4A500759180 /* UIBezierPath+.swift */,
				67D5DF732457E4A500759180 /* PDFDrawingTools.swift */,
				67D5DF742457E4A500759180 /* PDFDraw.swift */,
				67D5DF752457E4A500759180 /* DrawingAnnotation.swift */,
			);
			path = ApplePencil;
			sourceTree = "<group>";
		};
		67D5DF882457E4F900759180 /* Screenshots */ = {
			isa = PBXGroup;
			children = (
				67D5DF892457E4F900759180 /* Classes */,
				67D5DF952457E4F900759180 /* ScreenshotViewController.swift */,
			);
			path = Screenshots;
			sourceTree = SOURCE_ROOT;
		};
		67D5DF892457E4F900759180 /* Classes */ = {
			isa = PBXGroup;
			children = (
				67D5DF8A2457E4F900759180 /* ScreenshotSharerViewController.swift */,
				67D5DF8B2457E4F900759180 /* Skins */,
				67D5DF932457E4F900759180 /* ScreenshotSharer.swift */,
				67D5DF942457E4F900759180 /* ScreenshotSharerUtility.swift */,
			);
			path = Classes;
			sourceTree = "<group>";
		};
		67D5DF8B2457E4F900759180 /* Skins */ = {
			isa = PBXGroup;
			children = (
				67D5DF8C2457E4F900759180 /* Minimal */,
			);
			path = Skins;
			sourceTree = "<group>";
		};
		67D5DF8C2457E4F900759180 /* Minimal */ = {
			isa = PBXGroup;
			children = (
				67D5DF8D2457E4F900759180 /* ScreenshotSharerMinimal.xib */,
				67D5DF8E2457E4F900759180 /* ScreenshotSharerMinimal.swift */,
				67D5DF8F2457E4F900759180 /* Assets */,
			);
			path = Minimal;
			sourceTree = "<group>";
		};
		67D5DF8F2457E4F900759180 /* Assets */ = {
			isa = PBXGroup;
			children = (
				67D5DF902457E4F900759180 /* ic_dismiss.png */,
				67D5DF912457E4F900759180 /* ic_dismiss@2x.png */,
				67D5DF922457E4F900759180 /* ic_dismiss@3x.png */,
			);
			path = Assets;
			sourceTree = "<group>";
		};
		713B968E0B6A6F136448D303 /* Frameworks */ = {
			isa = PBXGroup;
			children = (
				ED7DA3B45160F9556B4DF413 /* Pods_ShapeShift.framework */,
				7F5D772686952C7B0FCBDC0E /* Pods_ShapeShift_ShapeShiftUITests.framework */,
				8ECB0D7809B53ECC5959CF00 /* Pods_ShapeShiftTests.framework */,
			);
			name = Frameworks;
			sourceTree = "<group>";
		};
		7ECD3C58BA2113DD5A154E02 /* Pods */ = {
			isa = PBXGroup;
			children = (
				F5BD57FE6BDA846AC14BD44A /* Pods-ShapeShift.debug.xcconfig */,
				4E10902AEDFBE7CEFAB0C707 /* Pods-ShapeShift.release.xcconfig */,
				80B7660B878A8D3E3BE1B44A /* Pods-ShapeShift-ShapeShiftUITests.debug.xcconfig */,
				EFD5FF345AC3FFE544E1B12B /* Pods-ShapeShift-ShapeShiftUITests.release.xcconfig */,
				401D6F4A1FEEA3D52D92F527 /* Pods-ShapeShiftTests.debug.xcconfig */,
				3CEA92062F26F01687AC14D7 /* Pods-ShapeShiftTests.release.xcconfig */,
			);
			path = Pods;
			sourceTree = "<group>";
		};
/* End PBXGroup section */

/* Begin PBXNativeTarget section */
		67D5DECE2457DB2B00759180 /* ShapeShift */ = {
			isa = PBXNativeTarget;
			buildConfigurationList = 67D5DEFB2457DB2F00759180 /* Build configuration list for PBXNativeTarget "ShapeShift" */;
			buildPhases = (
				94D9F830C7911547C327A481 /* [CP] Check Pods Manifest.lock */,
				67D5DECB2457DB2B00759180 /* Sources */,
				67D5DECC2457DB2B00759180 /* Frameworks */,
				67D5DECD2457DB2B00759180 /* Resources */,
				B29AAB1501CF9DAEB4993FA3 /* [CP] Embed Pods Frameworks */,
			);
			buildRules = (
			);
			dependencies = (
			);
			name = ShapeShift;
			productName = ShapeShift;
			productReference = 67D5DECF2457DB2B00759180 /* ShapeShift.app */;
			productType = "com.apple.product-type.application";
		};
		67D5DEE62457DB2F00759180 /* ShapeShiftTests */ = {
			isa = PBXNativeTarget;
			buildConfigurationList = 67D5DEFE2457DB2F00759180 /* Build configuration list for PBXNativeTarget "ShapeShiftTests" */;
			buildPhases = (
				66F71F7A36F75D473CB84363 /* [CP] Check Pods Manifest.lock */,
				67D5DEE32457DB2F00759180 /* Sources */,
				67D5DEE42457DB2F00759180 /* Frameworks */,
				67D5DEE52457DB2F00759180 /* Resources */,
			);
			buildRules = (
			);
			dependencies = (
				67D5DEE92457DB2F00759180 /* PBXTargetDependency */,
			);
			name = ShapeShiftTests;
			productName = ShapeShiftTests;
			productReference = 67D5DEE72457DB2F00759180 /* ShapeShiftTests.xctest */;
			productType = "com.apple.product-type.bundle.unit-test";
		};
		67D5DEF12457DB2F00759180 /* ShapeShiftUITests */ = {
			isa = PBXNativeTarget;
			buildConfigurationList = 67D5DF012457DB2F00759180 /* Build configuration list for PBXNativeTarget "ShapeShiftUITests" */;
			buildPhases = (
				19414BE0215C44EAE4828203 /* [CP] Check Pods Manifest.lock */,
				67D5DEEE2457DB2F00759180 /* Sources */,
				67D5DEEF2457DB2F00759180 /* Frameworks */,
				67D5DEF02457DB2F00759180 /* Resources */,
				077352F9735020287B8FF8B7 /* [CP] Embed Pods Frameworks */,
			);
			buildRules = (
			);
			dependencies = (
				67D5DEF42457DB2F00759180 /* PBXTargetDependency */,
			);
			name = ShapeShiftUITests;
			productName = ShapeShiftUITests;
			productReference = 67D5DEF22457DB2F00759180 /* ShapeShiftUITests.xctest */;
			productType = "com.apple.product-type.bundle.ui-testing";
		};
/* End PBXNativeTarget section */

/* Begin PBXProject section */
		67D5DEC72457DB2B00759180 /* Project object */ = {
			isa = PBXProject;
			attributes = {
				LastSwiftUpdateCheck = 1140;
				LastUpgradeCheck = 1140;
				ORGANIZATIONNAME = "Ian Applebaum";
				TargetAttributes = {
					67D5DECE2457DB2B00759180 = {
						CreatedOnToolsVersion = 11.4.1;
					};
					67D5DEE62457DB2F00759180 = {
						CreatedOnToolsVersion = 11.4.1;
						TestTargetID = 67D5DECE2457DB2B00759180;
					};
					67D5DEF12457DB2F00759180 = {
						CreatedOnToolsVersion = 11.4.1;
						TestTargetID = 67D5DECE2457DB2B00759180;
					};
				};
			};
			buildConfigurationList = 67D5DECA2457DB2B00759180 /* Build configuration list for PBXProject "ShapeShift" */;
			compatibilityVersion = "Xcode 9.3";
			developmentRegion = en;
			hasScannedForEncodings = 0;
			knownRegions = (
				en,
				Base,
			);
			mainGroup = 67D5DEC62457DB2B00759180;
			productRefGroup = 67D5DED02457DB2B00759180 /* Products */;
			projectDirPath = "";
			projectRoot = "";
			targets = (
				67D5DECE2457DB2B00759180 /* ShapeShift */,
				67D5DEE62457DB2F00759180 /* ShapeShiftTests */,
				67D5DEF12457DB2F00759180 /* ShapeShiftUITests */,
			);
		};
/* End PBXProject section */

/* Begin PBXResourcesBuildPhase section */
		67D5DECD2457DB2B00759180 /* Resources */ = {
			isa = PBXResourcesBuildPhase;
			buildActionMask = 2147483647;
			files = (
				67D5DF9B2457E4F900759180 /* ic_dismiss@3x.png in Resources */,
				67D5DF992457E4F900759180 /* ic_dismiss.png in Resources */,
				67D5DF382457E33900759180 /* Preview Assets.xcassets in Resources */,
				67D5DF972457E4F900759180 /* ScreenshotSharerMinimal.xib in Resources */,
				67D5DEE12457DB2F00759180 /* LaunchScreen.storyboard in Resources */,
				67D5DEDE2457DB2F00759180 /* Assets.xcassets in Resources */,
				67D5DF772457E4A500759180 /* screenshotView.storyboard in Resources */,
				67D5DEDC2457DB2B00759180 /* Main.storyboard in Resources */,
				67D5DF9A2457E4F900759180 /* ic_dismiss@2x.png in Resources */,
				67D5DF792457E4A500759180 /* blank.pdf in Resources */,
			);
			runOnlyForDeploymentPostprocessing = 0;
		};
		67D5DEE52457DB2F00759180 /* Resources */ = {
			isa = PBXResourcesBuildPhase;
			buildActionMask = 2147483647;
			files = (
			);
			runOnlyForDeploymentPostprocessing = 0;
		};
		67D5DEF02457DB2F00759180 /* Resources */ = {
			isa = PBXResourcesBuildPhase;
			buildActionMask = 2147483647;
			files = (
			);
			runOnlyForDeploymentPostprocessing = 0;
		};
/* End PBXResourcesBuildPhase section */

/* Begin PBXShellScriptBuildPhase section */
		077352F9735020287B8FF8B7 /* [CP] Embed Pods Frameworks */ = {
			isa = PBXShellScriptBuildPhase;
			buildActionMask = 2147483647;
			files = (
			);
			inputFileListPaths = (
				"${PODS_ROOT}/Target Support Files/Pods-ShapeShift-ShapeShiftUITests/Pods-ShapeShift-ShapeShiftUITests-frameworks-${CONFIGURATION}-input-files.xcfilelist",
			);
			name = "[CP] Embed Pods Frameworks";
			outputFileListPaths = (
				"${PODS_ROOT}/Target Support Files/Pods-ShapeShift-ShapeShiftUITests/Pods-ShapeShift-ShapeShiftUITests-frameworks-${CONFIGURATION}-output-files.xcfilelist",
			);
			runOnlyForDeploymentPostprocessing = 0;
			shellPath = /bin/sh;
			shellScript = "\"${PODS_ROOT}/Target Support Files/Pods-ShapeShift-ShapeShiftUITests/Pods-ShapeShift-ShapeShiftUITests-frameworks.sh\"\n";
			showEnvVarsInLog = 0;
		};
		19414BE0215C44EAE4828203 /* [CP] Check Pods Manifest.lock */ = {
			isa = PBXShellScriptBuildPhase;
			buildActionMask = 2147483647;
			files = (
			);
			inputFileListPaths = (
			);
			inputPaths = (
				"${PODS_PODFILE_DIR_PATH}/Podfile.lock",
				"${PODS_ROOT}/Manifest.lock",
			);
			name = "[CP] Check Pods Manifest.lock";
			outputFileListPaths = (
			);
			outputPaths = (
				"$(DERIVED_FILE_DIR)/Pods-ShapeShift-ShapeShiftUITests-checkManifestLockResult.txt",
			);
			runOnlyForDeploymentPostprocessing = 0;
			shellPath = /bin/sh;
			shellScript = "diff \"${PODS_PODFILE_DIR_PATH}/Podfile.lock\" \"${PODS_ROOT}/Manifest.lock\" > /dev/null\nif [ $? != 0 ] ; then\n    # print error to STDERR\n    echo \"error: The sandbox is not in sync with the Podfile.lock. Run 'pod install' or update your CocoaPods installation.\" >&2\n    exit 1\nfi\n# This output is used by Xcode 'outputs' to avoid re-running this script phase.\necho \"SUCCESS\" > \"${SCRIPT_OUTPUT_FILE_0}\"\n";
			showEnvVarsInLog = 0;
		};
		66F71F7A36F75D473CB84363 /* [CP] Check Pods Manifest.lock */ = {
			isa = PBXShellScriptBuildPhase;
			buildActionMask = 2147483647;
			files = (
			);
			inputFileListPaths = (
			);
			inputPaths = (
				"${PODS_PODFILE_DIR_PATH}/Podfile.lock",
				"${PODS_ROOT}/Manifest.lock",
			);
			name = "[CP] Check Pods Manifest.lock";
			outputFileListPaths = (
			);
			outputPaths = (
				"$(DERIVED_FILE_DIR)/Pods-ShapeShiftTests-checkManifestLockResult.txt",
			);
			runOnlyForDeploymentPostprocessing = 0;
			shellPath = /bin/sh;
			shellScript = "diff \"${PODS_PODFILE_DIR_PATH}/Podfile.lock\" \"${PODS_ROOT}/Manifest.lock\" > /dev/null\nif [ $? != 0 ] ; then\n    # print error to STDERR\n    echo \"error: The sandbox is not in sync with the Podfile.lock. Run 'pod install' or update your CocoaPods installation.\" >&2\n    exit 1\nfi\n# This output is used by Xcode 'outputs' to avoid re-running this script phase.\necho \"SUCCESS\" > \"${SCRIPT_OUTPUT_FILE_0}\"\n";
			showEnvVarsInLog = 0;
		};
		94D9F830C7911547C327A481 /* [CP] Check Pods Manifest.lock */ = {
			isa = PBXShellScriptBuildPhase;
			buildActionMask = 2147483647;
			files = (
			);
			inputFileListPaths = (
			);
			inputPaths = (
				"${PODS_PODFILE_DIR_PATH}/Podfile.lock",
				"${PODS_ROOT}/Manifest.lock",
			);
			name = "[CP] Check Pods Manifest.lock";
			outputFileListPaths = (
			);
			outputPaths = (
				"$(DERIVED_FILE_DIR)/Pods-ShapeShift-checkManifestLockResult.txt",
			);
			runOnlyForDeploymentPostprocessing = 0;
			shellPath = /bin/sh;
			shellScript = "diff \"${PODS_PODFILE_DIR_PATH}/Podfile.lock\" \"${PODS_ROOT}/Manifest.lock\" > /dev/null\nif [ $? != 0 ] ; then\n    # print error to STDERR\n    echo \"error: The sandbox is not in sync with the Podfile.lock. Run 'pod install' or update your CocoaPods installation.\" >&2\n    exit 1\nfi\n# This output is used by Xcode 'outputs' to avoid re-running this script phase.\necho \"SUCCESS\" > \"${SCRIPT_OUTPUT_FILE_0}\"\n";
			showEnvVarsInLog = 0;
		};
		B29AAB1501CF9DAEB4993FA3 /* [CP] Embed Pods Frameworks */ = {
			isa = PBXShellScriptBuildPhase;
			buildActionMask = 2147483647;
			files = (
			);
			inputFileListPaths = (
				"${PODS_ROOT}/Target Support Files/Pods-ShapeShift/Pods-ShapeShift-frameworks-${CONFIGURATION}-input-files.xcfilelist",
			);
			name = "[CP] Embed Pods Frameworks";
			outputFileListPaths = (
				"${PODS_ROOT}/Target Support Files/Pods-ShapeShift/Pods-ShapeShift-frameworks-${CONFIGURATION}-output-files.xcfilelist",
			);
			runOnlyForDeploymentPostprocessing = 0;
			shellPath = /bin/sh;
			shellScript = "\"${PODS_ROOT}/Target Support Files/Pods-ShapeShift/Pods-ShapeShift-frameworks.sh\"\n";
			showEnvVarsInLog = 0;
		};
/* End PBXShellScriptBuildPhase section */

/* Begin PBXSourcesBuildPhase section */
		67D5DECB2457DB2B00759180 /* Sources */ = {
			isa = PBXSourcesBuildPhase;
			buildActionMask = 2147483647;
			files = (
				67D5DF7C2457E4A500759180 /* SwiftyTimer.swift in Sources */,
				67D5DF872457E4A500759180 /* DrawingAnnotation.swift in Sources */,
				67D5DF9C2457E4F900759180 /* ScreenshotSharer.swift in Sources */,
				67D5DED92457DB2B00759180 /* Document.swift in Sources */,
				67D5DF862457E4A500759180 /* PDFDraw.swift in Sources */,
				67D5DF7E2457E4A500759180 /* FileManager-Extensions.swift in Sources */,
				67D5DF812457E4A500759180 /* HandwritingRecognition.swift in Sources */,
				67D5DF7D2457E4A500759180 /* Log.swift in Sources */,
				67D5DED52457DB2B00759180 /* DocumentBrowserViewController.swift in Sources */,
				67D5DF832457E4A500759180 /* DrawingRecognizer.swift in Sources */,
				67D5DF762457E4A500759180 /* MainPDFView.swift in Sources */,
				67D5DF842457E4A500759180 /* UIBezierPath+.swift in Sources */,
				67D5DF7A2457E4A500759180 /* UIPrintPageRenderer-Extensions.swift in Sources */,
				67D5DF782457E4A500759180 /* PDFViewController.swift in Sources */,
				67D5DF852457E4A500759180 /* PDFDrawingTools.swift in Sources */,
				67D5DF9D2457E4F900759180 /* ScreenshotSharerUtility.swift in Sources */,
				67D5DF982457E4F900759180 /* ScreenshotSharerMinimal.swift in Sources */,
				67D5DED72457DB2B00759180 /* DocumentView.swift in Sources */,
				67D5DF962457E4F900759180 /* ScreenshotSharerViewController.swift in Sources */,
				67D5DFA22457E8F800759180 /* UserInterfaceControl.swift in Sources */,
				67D5DF7B2457E4A500759180 /* HTMLPDFRenderer.swift in Sources */,
				67D5DF802457E4A500759180 /* APIHelper.swift in Sources */,
				67D5DFA02457E8CA00759180 /* Extensions.swift in Sources */,
				67D5DF822457E4A500759180 /* PDFAnnotationWithPath.swift in Sources */,
				67D5DF7F2457E4A500759180 /* PDFPaperSize.swift in Sources */,
				67D5DF9E2457E4F900759180 /* ScreenshotViewController.swift in Sources */,
				67D5DED32457DB2B00759180 /* AppDelegate.swift in Sources */,
			);
			runOnlyForDeploymentPostprocessing = 0;
		};
		67D5DEE32457DB2F00759180 /* Sources */ = {
			isa = PBXSourcesBuildPhase;
			buildActionMask = 2147483647;
			files = (
				67D5DEEC2457DB2F00759180 /* ShapeShiftTests.swift in Sources */,
			);
			runOnlyForDeploymentPostprocessing = 0;
		};
		67D5DEEE2457DB2F00759180 /* Sources */ = {
			isa = PBXSourcesBuildPhase;
			buildActionMask = 2147483647;
			files = (
				67D5DEF72457DB2F00759180 /* ShapeShiftUITests.swift in Sources */,
			);
			runOnlyForDeploymentPostprocessing = 0;
		};
/* End PBXSourcesBuildPhase section */

/* Begin PBXTargetDependency section */
		67D5DEE92457DB2F00759180 /* PBXTargetDependency */ = {
			isa = PBXTargetDependency;
			target = 67D5DECE2457DB2B00759180 /* ShapeShift */;
			targetProxy = 67D5DEE82457DB2F00759180 /* PBXContainerItemProxy */;
		};
		67D5DEF42457DB2F00759180 /* PBXTargetDependency */ = {
			isa = PBXTargetDependency;
			target = 67D5DECE2457DB2B00759180 /* ShapeShift */;
			targetProxy = 67D5DEF32457DB2F00759180 /* PBXContainerItemProxy */;
		};
/* End PBXTargetDependency section */

/* Begin PBXVariantGroup section */
		67D5DEDA2457DB2B00759180 /* Main.storyboard */ = {
			isa = PBXVariantGroup;
			children = (
				67D5DEDB2457DB2B00759180 /* Base */,
			);
			name = Main.storyboard;
			sourceTree = "<group>";
		};
		67D5DEDF2457DB2F00759180 /* LaunchScreen.storyboard */ = {
			isa = PBXVariantGroup;
			children = (
				67D5DEE02457DB2F00759180 /* Base */,
			);
			name = LaunchScreen.storyboard;
			sourceTree = "<group>";
		};
/* End PBXVariantGroup section */

/* Begin XCBuildConfiguration section */
		67D5DEF92457DB2F00759180 /* Debug */ = {
			isa = XCBuildConfiguration;
			buildSettings = {
				ALWAYS_SEARCH_USER_PATHS = NO;
				CLANG_ANALYZER_NONNULL = YES;
				CLANG_ANALYZER_NUMBER_OBJECT_CONVERSION = YES_AGGRESSIVE;
				CLANG_CXX_LANGUAGE_STANDARD = "gnu++14";
				CLANG_CXX_LIBRARY = "libc++";
				CLANG_ENABLE_MODULES = YES;
				CLANG_ENABLE_OBJC_ARC = YES;
				CLANG_ENABLE_OBJC_WEAK = YES;
				CLANG_WARN_BLOCK_CAPTURE_AUTORELEASING = YES;
				CLANG_WARN_BOOL_CONVERSION = YES;
				CLANG_WARN_COMMA = YES;
				CLANG_WARN_CONSTANT_CONVERSION = YES;
				CLANG_WARN_DEPRECATED_OBJC_IMPLEMENTATIONS = YES;
				CLANG_WARN_DIRECT_OBJC_ISA_USAGE = YES_ERROR;
				CLANG_WARN_DOCUMENTATION_COMMENTS = YES;
				CLANG_WARN_EMPTY_BODY = YES;
				CLANG_WARN_ENUM_CONVERSION = YES;
				CLANG_WARN_INFINITE_RECURSION = YES;
				CLANG_WARN_INT_CONVERSION = YES;
				CLANG_WARN_NON_LITERAL_NULL_CONVERSION = YES;
				CLANG_WARN_OBJC_IMPLICIT_RETAIN_SELF = YES;
				CLANG_WARN_OBJC_LITERAL_CONVERSION = YES;
				CLANG_WARN_OBJC_ROOT_CLASS = YES_ERROR;
				CLANG_WARN_RANGE_LOOP_ANALYSIS = YES;
				CLANG_WARN_STRICT_PROTOTYPES = YES;
				CLANG_WARN_SUSPICIOUS_MOVE = YES;
				CLANG_WARN_UNGUARDED_AVAILABILITY = YES_AGGRESSIVE;
				CLANG_WARN_UNREACHABLE_CODE = YES;
				CLANG_WARN__DUPLICATE_METHOD_MATCH = YES;
				COPY_PHASE_STRIP = NO;
				DEBUG_INFORMATION_FORMAT = dwarf;
				ENABLE_STRICT_OBJC_MSGSEND = YES;
				ENABLE_TESTABILITY = YES;
				GCC_C_LANGUAGE_STANDARD = gnu11;
				GCC_DYNAMIC_NO_PIC = NO;
				GCC_NO_COMMON_BLOCKS = YES;
				GCC_OPTIMIZATION_LEVEL = 0;
				GCC_PREPROCESSOR_DEFINITIONS = (
					"DEBUG=1",
					"$(inherited)",
				);
				GCC_WARN_64_TO_32_BIT_CONVERSION = YES;
				GCC_WARN_ABOUT_RETURN_TYPE = YES_ERROR;
				GCC_WARN_UNDECLARED_SELECTOR = YES;
				GCC_WARN_UNINITIALIZED_AUTOS = YES_AGGRESSIVE;
				GCC_WARN_UNUSED_FUNCTION = YES;
				GCC_WARN_UNUSED_VARIABLE = YES;
				IPHONEOS_DEPLOYMENT_TARGET = 13.0;
				MTL_ENABLE_DEBUG_INFO = INCLUDE_SOURCE;
				MTL_FAST_MATH = YES;
				ONLY_ACTIVE_ARCH = YES;
				SDKROOT = iphoneos;
				SWIFT_ACTIVE_COMPILATION_CONDITIONS = DEBUG;
				SWIFT_OPTIMIZATION_LEVEL = "-Onone";
			};
			name = Debug;
		};
		67D5DEFA2457DB2F00759180 /* Release */ = {
			isa = XCBuildConfiguration;
			buildSettings = {
				ALWAYS_SEARCH_USER_PATHS = NO;
				CLANG_ANALYZER_NONNULL = YES;
				CLANG_ANALYZER_NUMBER_OBJECT_CONVERSION = YES_AGGRESSIVE;
				CLANG_CXX_LANGUAGE_STANDARD = "gnu++14";
				CLANG_CXX_LIBRARY = "libc++";
				CLANG_ENABLE_MODULES = YES;
				CLANG_ENABLE_OBJC_ARC = YES;
				CLANG_ENABLE_OBJC_WEAK = YES;
				CLANG_WARN_BLOCK_CAPTURE_AUTORELEASING = YES;
				CLANG_WARN_BOOL_CONVERSION = YES;
				CLANG_WARN_COMMA = YES;
				CLANG_WARN_CONSTANT_CONVERSION = YES;
				CLANG_WARN_DEPRECATED_OBJC_IMPLEMENTATIONS = YES;
				CLANG_WARN_DIRECT_OBJC_ISA_USAGE = YES_ERROR;
				CLANG_WARN_DOCUMENTATION_COMMENTS = YES;
				CLANG_WARN_EMPTY_BODY = YES;
				CLANG_WARN_ENUM_CONVERSION = YES;
				CLANG_WARN_INFINITE_RECURSION = YES;
				CLANG_WARN_INT_CONVERSION = YES;
				CLANG_WARN_NON_LITERAL_NULL_CONVERSION = YES;
				CLANG_WARN_OBJC_IMPLICIT_RETAIN_SELF = YES;
				CLANG_WARN_OBJC_LITERAL_CONVERSION = YES;
				CLANG_WARN_OBJC_ROOT_CLASS = YES_ERROR;
				CLANG_WARN_RANGE_LOOP_ANALYSIS = YES;
				CLANG_WARN_STRICT_PROTOTYPES = YES;
				CLANG_WARN_SUSPICIOUS_MOVE = YES;
				CLANG_WARN_UNGUARDED_AVAILABILITY = YES_AGGRESSIVE;
				CLANG_WARN_UNREACHABLE_CODE = YES;
				CLANG_WARN__DUPLICATE_METHOD_MATCH = YES;
				COPY_PHASE_STRIP = NO;
				DEBUG_INFORMATION_FORMAT = "dwarf-with-dsym";
				ENABLE_NS_ASSERTIONS = NO;
				ENABLE_STRICT_OBJC_MSGSEND = YES;
				GCC_C_LANGUAGE_STANDARD = gnu11;
				GCC_NO_COMMON_BLOCKS = YES;
				GCC_WARN_64_TO_32_BIT_CONVERSION = YES;
				GCC_WARN_ABOUT_RETURN_TYPE = YES_ERROR;
				GCC_WARN_UNDECLARED_SELECTOR = YES;
				GCC_WARN_UNINITIALIZED_AUTOS = YES_AGGRESSIVE;
				GCC_WARN_UNUSED_FUNCTION = YES;
				GCC_WARN_UNUSED_VARIABLE = YES;
				IPHONEOS_DEPLOYMENT_TARGET = 13.0;
				MTL_ENABLE_DEBUG_INFO = NO;
				MTL_FAST_MATH = YES;
				SDKROOT = iphoneos;
				SWIFT_COMPILATION_MODE = wholemodule;
				SWIFT_OPTIMIZATION_LEVEL = "-O";
				VALIDATE_PRODUCT = YES;
			};
			name = Release;
		};
		67D5DEFC2457DB2F00759180 /* Debug */ = {
			isa = XCBuildConfiguration;
			baseConfigurationReference = F5BD57FE6BDA846AC14BD44A /* Pods-ShapeShift.debug.xcconfig */;
			buildSettings = {
				ASSETCATALOG_COMPILER_APPICON_NAME = AppIcon;
				CODE_SIGN_STYLE = Automatic;
				DEVELOPMENT_TEAM = N6ESLEE34B;
				INFOPLIST_FILE = ShapeShift/Info.plist;
				LD_RUNPATH_SEARCH_PATHS = (
					"$(inherited)",
					"@executable_path/Frameworks",
				);
				PRODUCT_BUNDLE_IDENTIFIER = electricbluefish.ShapeShift;
				PRODUCT_NAME = "$(TARGET_NAME)";
				SWIFT_VERSION = 5.0;
				TARGETED_DEVICE_FAMILY = "1,2";
			};
			name = Debug;
		};
		67D5DEFD2457DB2F00759180 /* Release */ = {
			isa = XCBuildConfiguration;
			baseConfigurationReference = 4E10902AEDFBE7CEFAB0C707 /* Pods-ShapeShift.release.xcconfig */;
			buildSettings = {
				ASSETCATALOG_COMPILER_APPICON_NAME = AppIcon;
				CODE_SIGN_STYLE = Automatic;
				DEVELOPMENT_TEAM = N6ESLEE34B;
				INFOPLIST_FILE = ShapeShift/Info.plist;
				LD_RUNPATH_SEARCH_PATHS = (
					"$(inherited)",
					"@executable_path/Frameworks",
				);
				PRODUCT_BUNDLE_IDENTIFIER = electricbluefish.ShapeShift;
				PRODUCT_NAME = "$(TARGET_NAME)";
				SWIFT_VERSION = 5.0;
				TARGETED_DEVICE_FAMILY = "1,2";
			};
			name = Release;
		};
		67D5DEFF2457DB2F00759180 /* Debug */ = {
			isa = XCBuildConfiguration;
			baseConfigurationReference = 401D6F4A1FEEA3D52D92F527 /* Pods-ShapeShiftTests.debug.xcconfig */;
			buildSettings = {
				ALWAYS_EMBED_SWIFT_STANDARD_LIBRARIES = YES;
				BUNDLE_LOADER = "$(TEST_HOST)";
				CODE_SIGN_STYLE = Automatic;
				DEVELOPMENT_TEAM = N6ESLEE34B;
				INFOPLIST_FILE = ShapeShiftTests/Info.plist;
				IPHONEOS_DEPLOYMENT_TARGET = 13.4;
				LD_RUNPATH_SEARCH_PATHS = (
					"$(inherited)",
					"@executable_path/Frameworks",
					"@loader_path/Frameworks",
				);
				PRODUCT_BUNDLE_IDENTIFIER = electricbluefish.ShapeShiftTests;
				PRODUCT_NAME = "$(TARGET_NAME)";
				SWIFT_VERSION = 5.0;
				TARGETED_DEVICE_FAMILY = "1,2";
				TEST_HOST = "$(BUILT_PRODUCTS_DIR)/ShapeShift.app/ShapeShift";
			};
			name = Debug;
		};
		67D5DF002457DB2F00759180 /* Release */ = {
			isa = XCBuildConfiguration;
			baseConfigurationReference = 3CEA92062F26F01687AC14D7 /* Pods-ShapeShiftTests.release.xcconfig */;
			buildSettings = {
				ALWAYS_EMBED_SWIFT_STANDARD_LIBRARIES = YES;
				BUNDLE_LOADER = "$(TEST_HOST)";
				CODE_SIGN_STYLE = Automatic;
				DEVELOPMENT_TEAM = N6ESLEE34B;
				INFOPLIST_FILE = ShapeShiftTests/Info.plist;
				IPHONEOS_DEPLOYMENT_TARGET = 13.4;
				LD_RUNPATH_SEARCH_PATHS = (
					"$(inherited)",
					"@executable_path/Frameworks",
					"@loader_path/Frameworks",
				);
				PRODUCT_BUNDLE_IDENTIFIER = electricbluefish.ShapeShiftTests;
				PRODUCT_NAME = "$(TARGET_NAME)";
				SWIFT_VERSION = 5.0;
				TARGETED_DEVICE_FAMILY = "1,2";
				TEST_HOST = "$(BUILT_PRODUCTS_DIR)/ShapeShift.app/ShapeShift";
			};
			name = Release;
		};
		67D5DF022457DB2F00759180 /* Debug */ = {
			isa = XCBuildConfiguration;
			baseConfigurationReference = 80B7660B878A8D3E3BE1B44A /* Pods-ShapeShift-ShapeShiftUITests.debug.xcconfig */;
			buildSettings = {
				ALWAYS_EMBED_SWIFT_STANDARD_LIBRARIES = YES;
				CODE_SIGN_STYLE = Automatic;
				DEVELOPMENT_TEAM = N6ESLEE34B;
				INFOPLIST_FILE = ShapeShiftUITests/Info.plist;
				LD_RUNPATH_SEARCH_PATHS = (
					"$(inherited)",
					"@executable_path/Frameworks",
					"@loader_path/Frameworks",
				);
				PRODUCT_BUNDLE_IDENTIFIER = electricbluefish.ShapeShiftUITests;
				PRODUCT_NAME = "$(TARGET_NAME)";
				SWIFT_VERSION = 5.0;
				TARGETED_DEVICE_FAMILY = "1,2";
				TEST_TARGET_NAME = ShapeShift;
			};
			name = Debug;
		};
		67D5DF032457DB2F00759180 /* Release */ = {
			isa = XCBuildConfiguration;
			baseConfigurationReference = EFD5FF345AC3FFE544E1B12B /* Pods-ShapeShift-ShapeShiftUITests.release.xcconfig */;
			buildSettings = {
				ALWAYS_EMBED_SWIFT_STANDARD_LIBRARIES = YES;
				CODE_SIGN_STYLE = Automatic;
				DEVELOPMENT_TEAM = N6ESLEE34B;
				INFOPLIST_FILE = ShapeShiftUITests/Info.plist;
				LD_RUNPATH_SEARCH_PATHS = (
					"$(inherited)",
					"@executable_path/Frameworks",
					"@loader_path/Frameworks",
				);
				PRODUCT_BUNDLE_IDENTIFIER = electricbluefish.ShapeShiftUITests;
				PRODUCT_NAME = "$(TARGET_NAME)";
				SWIFT_VERSION = 5.0;
				TARGETED_DEVICE_FAMILY = "1,2";
				TEST_TARGET_NAME = ShapeShift;
			};
			name = Release;
		};
/* End XCBuildConfiguration section */

/* Begin XCConfigurationList section */
		67D5DECA2457DB2B00759180 /* Build configuration list for PBXProject "ShapeShift" */ = {
			isa = XCConfigurationList;
			buildConfigurations = (
				67D5DEF92457DB2F00759180 /* Debug */,
				67D5DEFA2457DB2F00759180 /* Release */,
			);
			defaultConfigurationIsVisible = 0;
			defaultConfigurationName = Release;
		};
		67D5DEFB2457DB2F00759180 /* Build configuration list for PBXNativeTarget "ShapeShift" */ = {
			isa = XCConfigurationList;
			buildConfigurations = (
				67D5DEFC2457DB2F00759180 /* Debug */,
				67D5DEFD2457DB2F00759180 /* Release */,
			);
			defaultConfigurationIsVisible = 0;
			defaultConfigurationName = Release;
		};
		67D5DEFE2457DB2F00759180 /* Build configuration list for PBXNativeTarget "ShapeShiftTests" */ = {
			isa = XCConfigurationList;
			buildConfigurations = (
				67D5DEFF2457DB2F00759180 /* Debug */,
				67D5DF002457DB2F00759180 /* Release */,
			);
			defaultConfigurationIsVisible = 0;
			defaultConfigurationName = Release;
		};
		67D5DF012457DB2F00759180 /* Build configuration list for PBXNativeTarget "ShapeShiftUITests" */ = {
			isa = XCConfigurationList;
			buildConfigurations = (
				67D5DF022457DB2F00759180 /* Debug */,
				67D5DF032457DB2F00759180 /* Release */,
			);
			defaultConfigurationIsVisible = 0;
			defaultConfigurationName = Release;
		};
/* End XCConfigurationList section */
	};
	rootObject = 67D5DEC72457DB2B00759180 /* Project object */;
}
