// !$*UTF8*$!
{
	archiveVersion = 1;
	classes = {
	};
	objectVersion = 50;
	objects = {

/* Begin PBXBuildFile section */
		67D5DED32457DB2B00759180 /* AppDelegate.swift in Sources */ = {isa = PBXBuildFile; fileRef = 67D5DED22457DB2B00759180 /* AppDelegate.swift */; };
		67D5DED52457DB2B00759180 /* DocumentBrowserViewController.swift in Sources */ = {isa = PBXBuildFile; fileRef = 67D5DED42457DB2B00759180 /* DocumentBrowserViewController.swift */; };
		67D5DED72457DB2B00759180 /* DocumentView.swift in Sources */ = {isa = PBXBuildFile; fileRef = 67D5DED62457DB2B00759180 /* DocumentView.swift */; };
		67D5DED92457DB2B00759180 /* Document.swift in Sources */ = {isa = PBXBuildFile; fileRef = 67D5DED82457DB2B00759180 /* Document.swift */; };
		67D5DEDC2457DB2B00759180 /* Main.storyboard in Resources */ = {isa = PBXBuildFile; fileRef = 67D5DEDA2457DB2B00759180 /* Main.storyboard */; };
		67D5DEDE2457DB2F00759180 /* Assets.xcassets in Resources */ = {isa = PBXBuildFile; fileRef = 67D5DEDD2457DB2F00759180 /* Assets.xcassets */; };
		67D5DEE12457DB2F00759180 /* LaunchScreen.storyboard in Resources */ = {isa = PBXBuildFile; fileRef = 67D5DEDF2457DB2F00759180 /* LaunchScreen.storyboard */; };
		67D5DEEC2457DB2F00759180 /* ShapeShiftTests.swift in Sources */ = {isa = PBXBuildFile; fileRef = 67D5DEEB2457DB2F00759180 /* ShapeShiftTests.swift */; };
		67D5DEF72457DB2F00759180 /* ShapeShiftUITests.swift in Sources */ = {isa = PBXBuildFile; fileRef = 67D5DEF62457DB2F00759180 /* ShapeShiftUITests.swift */; };
/* End PBXBuildFile section */

/* Begin PBXContainerItemProxy section */
		67D5DEE82457DB2F00759180 /* PBXContainerItemProxy */ = {
			isa = PBXContainerItemProxy;
			containerPortal = 67D5DEC72457DB2B00759180 /* Project object */;
			proxyType = 1;
			remoteGlobalIDString = 67D5DECE2457DB2B00759180;
			remoteInfo = ShapeShift;
		};
		67D5DEF32457DB2F00759180 /* PBXContainerItemProxy */ = {
			isa = PBXContainerItemProxy;
			containerPortal = 67D5DEC72457DB2B00759180 /* Project object */;
			proxyType = 1;
			remoteGlobalIDString = 67D5DECE2457DB2B00759180;
			remoteInfo = ShapeShift;
		};
/* End PBXContainerItemProxy section */

/* Begin PBXFileReference section */
		67D5DECF2457DB2B00759180 /* ShapeShift.app */ = {isa = PBXFileReference; explicitFileType = wrapper.application; includeInIndex = 0; path = ShapeShift.app; sourceTree = BUILT_PRODUCTS_DIR; };
		67D5DED22457DB2B00759180 /* AppDelegate.swift */ = {isa = PBXFileReference; lastKnownFileType = sourcecode.swift; path = AppDelegate.swift; sourceTree = "<group>"; };
		67D5DED42457DB2B00759180 /* DocumentBrowserViewController.swift */ = {isa = PBXFileReference; lastKnownFileType = sourcecode.swift; path = DocumentBrowserViewController.swift; sourceTree = "<group>"; };
		67D5DED62457DB2B00759180 /* DocumentView.swift */ = {isa = PBXFileReference; lastKnownFileType = sourcecode.swift; path = DocumentView.swift; sourceTree = "<group>"; };
		67D5DED82457DB2B00759180 /* Document.swift */ = {isa = PBXFileReference; lastKnownFileType = sourcecode.swift; path = Document.swift; sourceTree = "<group>"; };
		67D5DEDB2457DB2B00759180 /* Base */ = {isa = PBXFileReference; lastKnownFileType = file.storyboard; name = Base; path = Base.lproj/Main.storyboard; sourceTree = "<group>"; };
		67D5DEDD2457DB2F00759180 /* Assets.xcassets */ = {isa = PBXFileReference; lastKnownFileType = folder.assetcatalog; path = Assets.xcassets; sourceTree = "<group>"; };
		67D5DEE02457DB2F00759180 /* Base */ = {isa = PBXFileReference; lastKnownFileType = file.storyboard; name = Base; path = Base.lproj/LaunchScreen.storyboard; sourceTree = "<group>"; };
		67D5DEE22457DB2F00759180 /* Info.plist */ = {isa = PBXFileReference; lastKnownFileType = text.plist.xml; path = Info.plist; sourceTree = "<group>"; };
		67D5DEE72457DB2F00759180 /* ShapeShiftTests.xctest */ = {isa = PBXFileReference; explicitFileType = wrapper.cfbundle; includeInIndex = 0; path = ShapeShiftTests.xctest; sourceTree = BUILT_PRODUCTS_DIR; };
		67D5DEEB2457DB2F00759180 /* ShapeShiftTests.swift */ = {isa = PBXFileReference; lastKnownFileType = sourcecode.swift; path = ShapeShiftTests.swift; sourceTree = "<group>"; };
		67D5DEED2457DB2F00759180 /* Info.plist */ = {isa = PBXFileReference; lastKnownFileType = text.plist.xml; path = Info.plist; sourceTree = "<group>"; };
		67D5DEF22457DB2F00759180 /* ShapeShiftUITests.xctest */ = {isa = PBXFileReference; explicitFileType = wrapper.cfbundle; includeInIndex = 0; path = ShapeShiftUITests.xctest; sourceTree = BUILT_PRODUCTS_DIR; };
		67D5DEF62457DB2F00759180 /* ShapeShiftUITests.swift */ = {isa = PBXFileReference; lastKnownFileType = sourcecode.swift; path = ShapeShiftUITests.swift; sourceTree = "<group>"; };
		67D5DEF82457DB2F00759180 /* Info.plist */ = {isa = PBXFileReference; lastKnownFileType = text.plist.xml; path = Info.plist; sourceTree = "<group>"; };
/* End PBXFileReference section */

/* Begin PBXFrameworksBuildPhase section */
		67D5DECC2457DB2B00759180 /* Frameworks */ = {
			isa = PBXFrameworksBuildPhase;
			buildActionMask = 2147483647;
			files = (
			);
			runOnlyForDeploymentPostprocessing = 0;
		};
		67D5DEE42457DB2F00759180 /* Frameworks */ = {
			isa = PBXFrameworksBuildPhase;
			buildActionMask = 2147483647;
			files = (
			);
			runOnlyForDeploymentPostprocessing = 0;
		};
		67D5DEEF2457DB2F00759180 /* Frameworks */ = {
			isa = PBXFrameworksBuildPhase;
			buildActionMask = 2147483647;
			files = (
			);
			runOnlyForDeploymentPostprocessing = 0;
		};
/* End PBXFrameworksBuildPhase section */

/* Begin PBXGroup section */
		67D5DEC62457DB2B00759180 = {
			isa = PBXGroup;
			children = (
				67D5DED12457DB2B00759180 /* ShapeShift */,
				67D5DEEA2457DB2F00759180 /* ShapeShiftTests */,
				67D5DEF52457DB2F00759180 /* ShapeShiftUITests */,
				67D5DED02457DB2B00759180 /* Products */,
			);
			sourceTree = "<group>";
		};
		67D5DED02457DB2B00759180 /* Products */ = {
			isa = PBXGroup;
			children = (
				67D5DECF2457DB2B00759180 /* ShapeShift.app */,
				67D5DEE72457DB2F00759180 /* ShapeShiftTests.xctest */,
				67D5DEF22457DB2F00759180 /* ShapeShiftUITests.xctest */,
			);
			name = Products;
			sourceTree = "<group>";
		};
		67D5DED12457DB2B00759180 /* ShapeShift */ = {
			isa = PBXGroup;
			children = (
				67D5DED22457DB2B00759180 /* AppDelegate.swift */,
				67D5DED42457DB2B00759180 /* DocumentBrowserViewController.swift */,
				67D5DED62457DB2B00759180 /* DocumentView.swift */,
				67D5DED82457DB2B00759180 /* Document.swift */,
				67D5DEDA2457DB2B00759180 /* Main.storyboard */,
				67D5DEDD2457DB2F00759180 /* Assets.xcassets */,
				67D5DEDF2457DB2F00759180 /* LaunchScreen.storyboard */,
				67D5DEE22457DB2F00759180 /* Info.plist */,
			);
			path = ShapeShift;
			sourceTree = "<group>";
		};
		67D5DEEA2457DB2F00759180 /* ShapeShiftTests */ = {
			isa = PBXGroup;
			children = (
				67D5DEEB2457DB2F00759180 /* ShapeShiftTests.swift */,
				67D5DEED2457DB2F00759180 /* Info.plist */,
			);
			path = ShapeShiftTests;
			sourceTree = "<group>";
		};
		67D5DEF52457DB2F00759180 /* ShapeShiftUITests */ = {
			isa = PBXGroup;
			children = (
				67D5DEF62457DB2F00759180 /* ShapeShiftUITests.swift */,
				67D5DEF82457DB2F00759180 /* Info.plist */,
			);
			path = ShapeShiftUITests;
			sourceTree = "<group>";
		};
/* End PBXGroup section */

/* Begin PBXNativeTarget section */
		67D5DECE2457DB2B00759180 /* ShapeShift */ = {
			isa = PBXNativeTarget;
			buildConfigurationList = 67D5DEFB2457DB2F00759180 /* Build configuration list for PBXNativeTarget "ShapeShift" */;
			buildPhases = (
				67D5DECB2457DB2B00759180 /* Sources */,
				67D5DECC2457DB2B00759180 /* Frameworks */,
				67D5DECD2457DB2B00759180 /* Resources */,
			);
			buildRules = (
			);
			dependencies = (
			);
			name = ShapeShift;
			productName = ShapeShift;
			productReference = 67D5DECF2457DB2B00759180 /* ShapeShift.app */;
			productType = "com.apple.product-type.application";
		};
		67D5DEE62457DB2F00759180 /* ShapeShiftTests */ = {
			isa = PBXNativeTarget;
			buildConfigurationList = 67D5DEFE2457DB2F00759180 /* Build configuration list for PBXNativeTarget "ShapeShiftTests" */;
			buildPhases = (
				67D5DEE32457DB2F00759180 /* Sources */,
				67D5DEE42457DB2F00759180 /* Frameworks */,
				67D5DEE52457DB2F00759180 /* Resources */,
			);
			buildRules = (
			);
			dependencies = (
				67D5DEE92457DB2F00759180 /* PBXTargetDependency */,
			);
			name = ShapeShiftTests;
			productName = ShapeShiftTests;
			productReference = 67D5DEE72457DB2F00759180 /* ShapeShiftTests.xctest */;
			productType = "com.apple.product-type.bundle.unit-test";
		};
		67D5DEF12457DB2F00759180 /* ShapeShiftUITests */ = {
			isa = PBXNativeTarget;
			buildConfigurationList = 67D5DF012457DB2F00759180 /* Build configuration list for PBXNativeTarget "ShapeShiftUITests" */;
			buildPhases = (
				67D5DEEE2457DB2F00759180 /* Sources */,
				67D5DEEF2457DB2F00759180 /* Frameworks */,
				67D5DEF02457DB2F00759180 /* Resources */,
			);
			buildRules = (
			);
			dependencies = (
				67D5DEF42457DB2F00759180 /* PBXTargetDependency */,
			);
			name = ShapeShiftUITests;
			productName = ShapeShiftUITests;
			productReference = 67D5DEF22457DB2F00759180 /* ShapeShiftUITests.xctest */;
			productType = "com.apple.product-type.bundle.ui-testing";
		};
/* End PBXNativeTarget section */

/* Begin PBXProject section */
		67D5DEC72457DB2B00759180 /* Project object */ = {
			isa = PBXProject;
			attributes = {
				LastSwiftUpdateCheck = 1140;
				LastUpgradeCheck = 1140;
				ORGANIZATIONNAME = "Ian Applebaum";
				TargetAttributes = {
					67D5DECE2457DB2B00759180 = {
						CreatedOnToolsVersion = 11.4.1;
					};
					67D5DEE62457DB2F00759180 = {
						CreatedOnToolsVersion = 11.4.1;
						TestTargetID = 67D5DECE2457DB2B00759180;
					};
					67D5DEF12457DB2F00759180 = {
						CreatedOnToolsVersion = 11.4.1;
						TestTargetID = 67D5DECE2457DB2B00759180;
					};
				};
			};
			buildConfigurationList = 67D5DECA2457DB2B00759180 /* Build configuration list for PBXProject "ShapeShift" */;
			compatibilityVersion = "Xcode 9.3";
			developmentRegion = en;
			hasScannedForEncodings = 0;
			knownRegions = (
				en,
				Base,
			);
			mainGroup = 67D5DEC62457DB2B00759180;
			productRefGroup = 67D5DED02457DB2B00759180 /* Products */;
			projectDirPath = "";
			projectRoot = "";
			targets = (
				67D5DECE2457DB2B00759180 /* ShapeShift */,
				67D5DEE62457DB2F00759180 /* ShapeShiftTests */,
				67D5DEF12457DB2F00759180 /* ShapeShiftUITests */,
			);
		};
/* End PBXProject section */

/* Begin PBXResourcesBuildPhase section */
		67D5DECD2457DB2B00759180 /* Resources */ = {
			isa = PBXResourcesBuildPhase;
			buildActionMask = 2147483647;
			files = (
				67D5DEE12457DB2F00759180 /* LaunchScreen.storyboard in Resources */,
				67D5DEDE2457DB2F00759180 /* Assets.xcassets in Resources */,
				67D5DEDC2457DB2B00759180 /* Main.storyboard in Resources */,
			);
			runOnlyForDeploymentPostprocessing = 0;
		};
		67D5DEE52457DB2F00759180 /* Resources */ = {
			isa = PBXResourcesBuildPhase;
			buildActionMask = 2147483647;
			files = (
			);
			runOnlyForDeploymentPostprocessing = 0;
		};
		67D5DEF02457DB2F00759180 /* Resources */ = {
			isa = PBXResourcesBuildPhase;
			buildActionMask = 2147483647;
			files = (
			);
			runOnlyForDeploymentPostprocessing = 0;
		};
/* End PBXResourcesBuildPhase section */

/* Begin PBXSourcesBuildPhase section */
		67D5DECB2457DB2B00759180 /* Sources */ = {
			isa = PBXSourcesBuildPhase;
			buildActionMask = 2147483647;
			files = (
				67D5DED92457DB2B00759180 /* Document.swift in Sources */,
				67D5DED52457DB2B00759180 /* DocumentBrowserViewController.swift in Sources */,
				67D5DED72457DB2B00759180 /* DocumentView.swift in Sources */,
				67D5DED32457DB2B00759180 /* AppDelegate.swift in Sources */,
			);
			runOnlyForDeploymentPostprocessing = 0;
		};
		67D5DEE32457DB2F00759180 /* Sources */ = {
			isa = PBXSourcesBuildPhase;
			buildActionMask = 2147483647;
			files = (
				67D5DEEC2457DB2F00759180 /* ShapeShiftTests.swift in Sources */,
			);
			runOnlyForDeploymentPostprocessing = 0;
		};
		67D5DEEE2457DB2F00759180 /* Sources */ = {
			isa = PBXSourcesBuildPhase;
			buildActionMask = 2147483647;
			files = (
				67D5DEF72457DB2F00759180 /* ShapeShiftUITests.swift in Sources */,
			);
			runOnlyForDeploymentPostprocessing = 0;
		};
/* End PBXSourcesBuildPhase section */

/* Begin PBXTargetDependency section */
		67D5DEE92457DB2F00759180 /* PBXTargetDependency */ = {
			isa = PBXTargetDependency;
			target = 67D5DECE2457DB2B00759180 /* ShapeShift */;
			targetProxy = 67D5DEE82457DB2F00759180 /* PBXContainerItemProxy */;
		};
		67D5DEF42457DB2F00759180 /* PBXTargetDependency */ = {
			isa = PBXTargetDependency;
			target = 67D5DECE2457DB2B00759180 /* ShapeShift */;
			targetProxy = 67D5DEF32457DB2F00759180 /* PBXContainerItemProxy */;
		};
/* End PBXTargetDependency section */

/* Begin PBXVariantGroup section */
		67D5DEDA2457DB2B00759180 /* Main.storyboard */ = {
			isa = PBXVariantGroup;
			children = (
				67D5DEDB2457DB2B00759180 /* Base */,
			);
			name = Main.storyboard;
			sourceTree = "<group>";
		};
		67D5DEDF2457DB2F00759180 /* LaunchScreen.storyboard */ = {
			isa = PBXVariantGroup;
			children = (
				67D5DEE02457DB2F00759180 /* Base */,
			);
			name = LaunchScreen.storyboard;
			sourceTree = "<group>";
		};
/* End PBXVariantGroup section */

/* Begin XCBuildConfiguration section */
		67D5DEF92457DB2F00759180 /* Debug */ = {
			isa = XCBuildConfiguration;
			buildSettings = {
				ALWAYS_SEARCH_USER_PATHS = NO;
				CLANG_ANALYZER_NONNULL = YES;
				CLANG_ANALYZER_NUMBER_OBJECT_CONVERSION = YES_AGGRESSIVE;
				CLANG_CXX_LANGUAGE_STANDARD = "gnu++14";
				CLANG_CXX_LIBRARY = "libc++";
				CLANG_ENABLE_MODULES = YES;
				CLANG_ENABLE_OBJC_ARC = YES;
				CLANG_ENABLE_OBJC_WEAK = YES;
				CLANG_WARN_BLOCK_CAPTURE_AUTORELEASING = YES;
				CLANG_WARN_BOOL_CONVERSION = YES;
				CLANG_WARN_COMMA = YES;
				CLANG_WARN_CONSTANT_CONVERSION = YES;
				CLANG_WARN_DEPRECATED_OBJC_IMPLEMENTATIONS = YES;
				CLANG_WARN_DIRECT_OBJC_ISA_USAGE = YES_ERROR;
				CLANG_WARN_DOCUMENTATION_COMMENTS = YES;
				CLANG_WARN_EMPTY_BODY = YES;
				CLANG_WARN_ENUM_CONVERSION = YES;
				CLANG_WARN_INFINITE_RECURSION = YES;
				CLANG_WARN_INT_CONVERSION = YES;
				CLANG_WARN_NON_LITERAL_NULL_CONVERSION = YES;
				CLANG_WARN_OBJC_IMPLICIT_RETAIN_SELF = YES;
				CLANG_WARN_OBJC_LITERAL_CONVERSION = YES;
				CLANG_WARN_OBJC_ROOT_CLASS = YES_ERROR;
				CLANG_WARN_RANGE_LOOP_ANALYSIS = YES;
				CLANG_WARN_STRICT_PROTOTYPES = YES;
				CLANG_WARN_SUSPICIOUS_MOVE = YES;
				CLANG_WARN_UNGUARDED_AVAILABILITY = YES_AGGRESSIVE;
				CLANG_WARN_UNREACHABLE_CODE = YES;
				CLANG_WARN__DUPLICATE_METHOD_MATCH = YES;
				COPY_PHASE_STRIP = NO;
				DEBUG_INFORMATION_FORMAT = dwarf;
				ENABLE_STRICT_OBJC_MSGSEND = YES;
				ENABLE_TESTABILITY = YES;
				GCC_C_LANGUAGE_STANDARD = gnu11;
				GCC_DYNAMIC_NO_PIC = NO;
				GCC_NO_COMMON_BLOCKS = YES;
				GCC_OPTIMIZATION_LEVEL = 0;
				GCC_PREPROCESSOR_DEFINITIONS = (
					"DEBUG=1",
					"$(inherited)",
				);
				GCC_WARN_64_TO_32_BIT_CONVERSION = YES;
				GCC_WARN_ABOUT_RETURN_TYPE = YES_ERROR;
				GCC_WARN_UNDECLARED_SELECTOR = YES;
				GCC_WARN_UNINITIALIZED_AUTOS = YES_AGGRESSIVE;
				GCC_WARN_UNUSED_FUNCTION = YES;
				GCC_WARN_UNUSED_VARIABLE = YES;
				IPHONEOS_DEPLOYMENT_TARGET = 13.4;
				MTL_ENABLE_DEBUG_INFO = INCLUDE_SOURCE;
				MTL_FAST_MATH = YES;
				ONLY_ACTIVE_ARCH = YES;
				SDKROOT = iphoneos;
				SWIFT_ACTIVE_COMPILATION_CONDITIONS = DEBUG;
				SWIFT_OPTIMIZATION_LEVEL = "-Onone";
			};
			name = Debug;
		};
		67D5DEFA2457DB2F00759180 /* Release */ = {
			isa = XCBuildConfiguration;
			buildSettings = {
				ALWAYS_SEARCH_USER_PATHS = NO;
				CLANG_ANALYZER_NONNULL = YES;
				CLANG_ANALYZER_NUMBER_OBJECT_CONVERSION = YES_AGGRESSIVE;
				CLANG_CXX_LANGUAGE_STANDARD = "gnu++14";
				CLANG_CXX_LIBRARY = "libc++";
				CLANG_ENABLE_MODULES = YES;
				CLANG_ENABLE_OBJC_ARC = YES;
				CLANG_ENABLE_OBJC_WEAK = YES;
				CLANG_WARN_BLOCK_CAPTURE_AUTORELEASING = YES;
				CLANG_WARN_BOOL_CONVERSION = YES;
				CLANG_WARN_COMMA = YES;
				CLANG_WARN_CONSTANT_CONVERSION = YES;
				CLANG_WARN_DEPRECATED_OBJC_IMPLEMENTATIONS = YES;
				CLANG_WARN_DIRECT_OBJC_ISA_USAGE = YES_ERROR;
				CLANG_WARN_DOCUMENTATION_COMMENTS = YES;
				CLANG_WARN_EMPTY_BODY = YES;
				CLANG_WARN_ENUM_CONVERSION = YES;
				CLANG_WARN_INFINITE_RECURSION = YES;
				CLANG_WARN_INT_CONVERSION = YES;
				CLANG_WARN_NON_LITERAL_NULL_CONVERSION = YES;
				CLANG_WARN_OBJC_IMPLICIT_RETAIN_SELF = YES;
				CLANG_WARN_OBJC_LITERAL_CONVERSION = YES;
				CLANG_WARN_OBJC_ROOT_CLASS = YES_ERROR;
				CLANG_WARN_RANGE_LOOP_ANALYSIS = YES;
				CLANG_WARN_STRICT_PROTOTYPES = YES;
				CLANG_WARN_SUSPICIOUS_MOVE = YES;
				CLANG_WARN_UNGUARDED_AVAILABILITY = YES_AGGRESSIVE;
				CLANG_WARN_UNREACHABLE_CODE = YES;
				CLANG_WARN__DUPLICATE_METHOD_MATCH = YES;
				COPY_PHASE_STRIP = NO;
				DEBUG_INFORMATION_FORMAT = "dwarf-with-dsym";
				ENABLE_NS_ASSERTIONS = NO;
				ENABLE_STRICT_OBJC_MSGSEND = YES;
				GCC_C_LANGUAGE_STANDARD = gnu11;
				GCC_NO_COMMON_BLOCKS = YES;
				GCC_WARN_64_TO_32_BIT_CONVERSION = YES;
				GCC_WARN_ABOUT_RETURN_TYPE = YES_ERROR;
				GCC_WARN_UNDECLARED_SELECTOR = YES;
				GCC_WARN_UNINITIALIZED_AUTOS = YES_AGGRESSIVE;
				GCC_WARN_UNUSED_FUNCTION = YES;
				GCC_WARN_UNUSED_VARIABLE = YES;
				IPHONEOS_DEPLOYMENT_TARGET = 13.4;
				MTL_ENABLE_DEBUG_INFO = NO;
				MTL_FAST_MATH = YES;
				SDKROOT = iphoneos;
				SWIFT_COMPILATION_MODE = wholemodule;
				SWIFT_OPTIMIZATION_LEVEL = "-O";
				VALIDATE_PRODUCT = YES;
			};
			name = Release;
		};
		67D5DEFC2457DB2F00759180 /* Debug */ = {
			isa = XCBuildConfiguration;
			buildSettings = {
				ASSETCATALOG_COMPILER_APPICON_NAME = AppIcon;
				CODE_SIGN_STYLE = Automatic;
				DEVELOPMENT_TEAM = N6ESLEE34B;
				INFOPLIST_FILE = ShapeShift/Info.plist;
				LD_RUNPATH_SEARCH_PATHS = (
					"$(inherited)",
					"@executable_path/Frameworks",
				);
				PRODUCT_BUNDLE_IDENTIFIER = electricbluefish.ShapeShift;
				PRODUCT_NAME = "$(TARGET_NAME)";
				SWIFT_VERSION = 5.0;
				TARGETED_DEVICE_FAMILY = "1,2";
			};
			name = Debug;
		};
		67D5DEFD2457DB2F00759180 /* Release */ = {
			isa = XCBuildConfiguration;
			buildSettings = {
				ASSETCATALOG_COMPILER_APPICON_NAME = AppIcon;
				CODE_SIGN_STYLE = Automatic;
				DEVELOPMENT_TEAM = N6ESLEE34B;
				INFOPLIST_FILE = ShapeShift/Info.plist;
				LD_RUNPATH_SEARCH_PATHS = (
					"$(inherited)",
					"@executable_path/Frameworks",
				);
				PRODUCT_BUNDLE_IDENTIFIER = electricbluefish.ShapeShift;
				PRODUCT_NAME = "$(TARGET_NAME)";
				SWIFT_VERSION = 5.0;
				TARGETED_DEVICE_FAMILY = "1,2";
			};
			name = Release;
		};
		67D5DEFF2457DB2F00759180 /* Debug */ = {
			isa = XCBuildConfiguration;
			buildSettings = {
				ALWAYS_EMBED_SWIFT_STANDARD_LIBRARIES = YES;
				BUNDLE_LOADER = "$(TEST_HOST)";
				CODE_SIGN_STYLE = Automatic;
				DEVELOPMENT_TEAM = N6ESLEE34B;
				INFOPLIST_FILE = ShapeShiftTests/Info.plist;
				IPHONEOS_DEPLOYMENT_TARGET = 13.4;
				LD_RUNPATH_SEARCH_PATHS = (
					"$(inherited)",
					"@executable_path/Frameworks",
					"@loader_path/Frameworks",
				);
				PRODUCT_BUNDLE_IDENTIFIER = electricbluefish.ShapeShiftTests;
				PRODUCT_NAME = "$(TARGET_NAME)";
				SWIFT_VERSION = 5.0;
				TARGETED_DEVICE_FAMILY = "1,2";
				TEST_HOST = "$(BUILT_PRODUCTS_DIR)/ShapeShift.app/ShapeShift";
			};
			name = Debug;
		};
		67D5DF002457DB2F00759180 /* Release */ = {
			isa = XCBuildConfiguration;
			buildSettings = {
				ALWAYS_EMBED_SWIFT_STANDARD_LIBRARIES = YES;
				BUNDLE_LOADER = "$(TEST_HOST)";
				CODE_SIGN_STYLE = Automatic;
				DEVELOPMENT_TEAM = N6ESLEE34B;
				INFOPLIST_FILE = ShapeShiftTests/Info.plist;
				IPHONEOS_DEPLOYMENT_TARGET = 13.4;
				LD_RUNPATH_SEARCH_PATHS = (
					"$(inherited)",
					"@executable_path/Frameworks",
					"@loader_path/Frameworks",
				);
				PRODUCT_BUNDLE_IDENTIFIER = electricbluefish.ShapeShiftTests;
				PRODUCT_NAME = "$(TARGET_NAME)";
				SWIFT_VERSION = 5.0;
				TARGETED_DEVICE_FAMILY = "1,2";
				TEST_HOST = "$(BUILT_PRODUCTS_DIR)/ShapeShift.app/ShapeShift";
			};
			name = Release;
		};
		67D5DF022457DB2F00759180 /* Debug */ = {
			isa = XCBuildConfiguration;
			buildSettings = {
				ALWAYS_EMBED_SWIFT_STANDARD_LIBRARIES = YES;
				CODE_SIGN_STYLE = Automatic;
				DEVELOPMENT_TEAM = N6ESLEE34B;
				INFOPLIST_FILE = ShapeShiftUITests/Info.plist;
				LD_RUNPATH_SEARCH_PATHS = (
					"$(inherited)",
					"@executable_path/Frameworks",
					"@loader_path/Frameworks",
				);
				PRODUCT_BUNDLE_IDENTIFIER = electricbluefish.ShapeShiftUITests;
				PRODUCT_NAME = "$(TARGET_NAME)";
				SWIFT_VERSION = 5.0;
				TARGETED_DEVICE_FAMILY = "1,2";
				TEST_TARGET_NAME = ShapeShift;
			};
			name = Debug;
		};
		67D5DF032457DB2F00759180 /* Release */ = {
			isa = XCBuildConfiguration;
			buildSettings = {
				ALWAYS_EMBED_SWIFT_STANDARD_LIBRARIES = YES;
				CODE_SIGN_STYLE = Automatic;
				DEVELOPMENT_TEAM = N6ESLEE34B;
				INFOPLIST_FILE = ShapeShiftUITests/Info.plist;
				LD_RUNPATH_SEARCH_PATHS = (
					"$(inherited)",
					"@executable_path/Frameworks",
					"@loader_path/Frameworks",
				);
				PRODUCT_BUNDLE_IDENTIFIER = electricbluefish.ShapeShiftUITests;
				PRODUCT_NAME = "$(TARGET_NAME)";
				SWIFT_VERSION = 5.0;
				TARGETED_DEVICE_FAMILY = "1,2";
				TEST_TARGET_NAME = ShapeShift;
			};
			name = Release;
		};
/* End XCBuildConfiguration section */

/* Begin XCConfigurationList section */
		67D5DECA2457DB2B00759180 /* Build configuration list for PBXProject "ShapeShift" */ = {
			isa = XCConfigurationList;
			buildConfigurations = (
				67D5DEF92457DB2F00759180 /* Debug */,
				67D5DEFA2457DB2F00759180 /* Release */,
			);
			defaultConfigurationIsVisible = 0;
			defaultConfigurationName = Release;
		};
		67D5DEFB2457DB2F00759180 /* Build configuration list for PBXNativeTarget "ShapeShift" */ = {
			isa = XCConfigurationList;
			buildConfigurations = (
				67D5DEFC2457DB2F00759180 /* Debug */,
				67D5DEFD2457DB2F00759180 /* Release */,
			);
			defaultConfigurationIsVisible = 0;
			defaultConfigurationName = Release;
		};
		67D5DEFE2457DB2F00759180 /* Build configuration list for PBXNativeTarget "ShapeShiftTests" */ = {
			isa = XCConfigurationList;
			buildConfigurations = (
				67D5DEFF2457DB2F00759180 /* Debug */,
				67D5DF002457DB2F00759180 /* Release */,
			);
			defaultConfigurationIsVisible = 0;
			defaultConfigurationName = Release;
		};
		67D5DF012457DB2F00759180 /* Build configuration list for PBXNativeTarget "ShapeShiftUITests" */ = {
			isa = XCConfigurationList;
			buildConfigurations = (
				67D5DF022457DB2F00759180 /* Debug */,
				67D5DF032457DB2F00759180 /* Release */,
			);
			defaultConfigurationIsVisible = 0;
			defaultConfigurationName = Release;
		};
/* End XCConfigurationList section */
	};
	rootObject = 67D5DEC72457DB2B00759180 /* Project object */;
}
